<?xml version="1.0" encoding="UTF-8" standalone="yes" ?>
<CodeBlocks_project_file>
	<FileVersion major="1" minor="6" />
	<Project>
		<Option title="Projekt_chinczyk" />
		<Option pch_mode="2" />
		<Option compiler="gcc" />
		<Build>
			<Target title="Release">
				<Option output="bin/Release/Projekt_chinczyk" prefix_auto="1" extension_auto="1" />
				<Option object_output="obj/Release/" />
				<Option type="0" />
				<Option compiler="gcc" />
				<Option projectLinkerOptionsRelation="2" />
				<Compiler>
					<Add option="-O2" />
					<Add directory="$(#wx)/lib/gcc_lib/mswu" />
					<Add directory="./" />
				</Compiler>
				<ResourceCompiler>
					<Add directory="$(#wx)/lib/gcc_lib/mswu" />
				</ResourceCompiler>
				<Linker>
					<Add option="-s" />
					<Add library="libwxmsw32u.a" />
					<Add library="libwxpng.a" />
					<Add library="libwxjpeg.a" />
					<Add library="libwxtiff.a" />
					<Add library="libwxzlib.a" />
					<Add directory="$(#wx)/lib/gcc_lib" />
				</Linker>
			</Target>
		</Build>
		<Compiler>
			<Add option="-pipe" />
			<Add option="-mthreads" />
			<Add option="-D__GNUWIN32__" />
			<Add option="-D__WXMSW__" />
			<Add option="-DwxUSE_UNICODE" />
			<Add option="-Wall" />
			<Add directory="$(#wx)/include" />
		</Compiler>
		<ResourceCompiler>
			<Add directory="$(#wx)/include" />
		</ResourceCompiler>
		<Linker>
			<Add option="-mthreads" />
			<Add library="libkernel32.a" />
			<Add library="libuser32.a" />
			<Add library="libgdi32.a" />
			<Add library="libwinspool.a" />
			<Add library="libcomdlg32.a" />
			<Add library="libadvapi32.a" />
			<Add library="libshell32.a" />
			<Add library="libole32.a" />
			<Add library="liboleaut32.a" />
			<Add library="libuuid.a" />
			<Add library="libcomctl32.a" />
			<Add library="libwsock32.a" />
			<Add library="libodbc32.a" />
			<Add library="libshlwapi.a" />
			<Add library="libversion.a" />
			<Add library="liboleacc.a" />
			<Add library="libuxtheme.a" />
		</Linker>
		<Unit filename="GameDialog.cpp" />
		<Unit filename="GameDialog.h" />
		<Unit filename="Gra.cpp" />
		<Unit filename="Gra.h" />
		<Unit filename="Projekt_chinczykApp.cpp" />
		<Unit filename="Projekt_chinczykApp.h" />
		<Unit filename="Projekt_chinczykMain.cpp" />
		<Unit filename="Projekt_chinczykMain.h" />
		<Unit filename="Zasady.cpp" />
		<Unit filename="Zasady.h" />
		<Unit filename="resource.rc">
			<Option compilerVar="WINDRES" />
		</Unit>
		<Unit filename="wxsmith/GameDialog.wxs" />
		<Unit filename="wxsmith/Projekt_chinczykdialog.wxs" />
		<Unit filename="wxsmith/Zasady.wxs" />
		<Extensions>
			<lib_finder disable_auto="1" />
			<wxsmith version="1">
				<gui name="wxWidgets" src="Projekt_chinczykApp.cpp" main="Projekt_chinczykDialog" init_handlers="necessary" language="CPP" />
				<resources>
					<wxDialog wxs="wxsmith/Projekt_chinczykdialog.wxs" src="Projekt_chinczykMain.cpp" hdr="Projekt_chinczykMain.h" fwddecl="0" i18n="1" name="Projekt_chinczykDialog" language="CPP" />
					<wxDialog wxs="wxsmith/GameDialog.wxs" src="GameDialog.cpp" hdr="GameDialog.h" fwddecl="0" i18n="1" name="GameDialog" language="CPP" />
					<wxDialog wxs="wxsmith/Zasady.wxs" src="Zasady.cpp" hdr="Zasady.h" fwddecl="0" i18n="1" name="Zasady" language="CPP" />
				</resources>
			</wxsmith>
		</Extensions>
	</Project>
</CodeBlocks_project_file>
